
Microsoft Visual Studio Solution File, Format Version 12.00
# Visual Studio Version 17
VisualStudioVersion = 17.13.35806.99 d17.13
MinimumVisualStudioVersion = 10.0.40219.1
Project("{FAE04EC0-301F-11D3-BF4B-00C04F79EFBC}") = "io-simulation-wpf", "io-simulation-wpf.csproj", "{BB831AB7-BE1E-4096-9E92-51F6D2BFCA1D}"
EndProject
Global
	GlobalSection(SolutionConfigurationPlatforms) = preSolution
		Debug|Any CPU = Debug|Any CPU
		Release|Any CPU = Release|Any CPU
	EndGlobalSection
	GlobalSection(ProjectConfigurationPlatforms) = postSolution
		{BB831AB7-BE1E-4096-9E92-51F6D2BFCA1D}.Debug|Any CPU.ActiveCfg = Debug|Any CPU
		{BB831AB7-BE1E-4096-9E92-51F6D2BFCA1D}.Debug|Any CPU.Build.0 = Debug|Any CPU
		{BB831AB7-BE1E-4096-9E92-51F6D2BFCA1D}.Release|Any CPU.ActiveCfg = Release|Any CPU
		{BB831AB7-BE1E-4096-9E92-51F6D2BFCA1D}.Release|Any CPU.Build.0 = Release|Any CPU
	EndGlobalSection
	GlobalSection(SolutionProperties) = preSolution
		HideSolutionNode = FALSE
	EndGlobalSection
	GlobalSection(ExtensibilityGlobals) = postSolution
		SolutionGuid = {F7E3A172-3DB4-49EE-B46A-FCEEA26802C7}
	EndGlobalSection
EndGlobal
